
Microsoft Visual Studio Solution File, Format Version 12.00
# Visual Studio Version 16
VisualStudioVersion = 16.0.29609.76
MinimumVisualStudioVersion = 10.0.40219.1
Project("{9A19103F-16F7-4668-BE54-9A1E7A4F7556}") = "EastFive.Admin.UI", "EastFive.Admin.UI\EastFive.Admin.UI.csproj", "{A743FAE9-630E-46C1-AAE3-1707597525AF}"
EndProject
Project("{FAE04EC0-301F-11D3-BF4B-00C04F79EFBC}") = "EastFive.Core", "EastFive.Core\EastFive.Core.csproj", "{AEC927EF-6AAE-4533-BBF6-539643684002}"
EndProject
Global
	GlobalSection(SolutionConfigurationPlatforms) = preSolution
		Debug|Any CPU = Debug|Any CPU
		Release|Any CPU = Release|Any CPU
	EndGlobalSection
	GlobalSection(ProjectConfigurationPlatforms) = postSolution
		{A743FAE9-630E-46C1-AAE3-1707597525AF}.Debug|Any CPU.ActiveCfg = Debug|Any CPU
		{A743FAE9-630E-46C1-AAE3-1707597525AF}.Debug|Any CPU.Build.0 = Debug|Any CPU
		{A743FAE9-630E-46C1-AAE3-1707597525AF}.Release|Any CPU.ActiveCfg = Release|Any CPU
		{A743FAE9-630E-46C1-AAE3-1707597525AF}.Release|Any CPU.Build.0 = Release|Any CPU
		{AEC927EF-6AAE-4533-BBF6-539643684002}.Debug|Any CPU.ActiveCfg = Debug|Any CPU
		{AEC927EF-6AAE-4533-BBF6-539643684002}.Debug|Any CPU.Build.0 = Debug|Any CPU
		{AEC927EF-6AAE-4533-BBF6-539643684002}.Release|Any CPU.ActiveCfg = Release|Any CPU
		{AEC927EF-6AAE-4533-BBF6-539643684002}.Release|Any CPU.Build.0 = Release|Any CPU
	EndGlobalSection
	GlobalSection(SolutionProperties) = preSolution
		HideSolutionNode = FALSE
	EndGlobalSection
	GlobalSection(ExtensibilityGlobals) = postSolution
		SolutionGuid = {3A3FFB18-9763-4A1E-9BBB-60726706D63D}
	EndGlobalSection
EndGlobal
